
Microsoft Visual Studio Solution File, Format Version 12.00
# Visual Studio Version 17
VisualStudioVersion = 17.3.32929.385
MinimumVisualStudioVersion = 10.0.40219.1
Project("{FAE04EC0-301F-11D3-BF4B-00C04F79EFBC}") = "MultiThreadEmpPayRoll", "MultiThreadEmpPayRoll.csproj", "{1C841F45-F360-4B37-9DB0-113FF6D34964}"
EndProject
Project("{FAE04EC0-301F-11D3-BF4B-00C04F79EFBC}") = "MultiThreadTestCase", "..\MultiThreadTestCase\MultiThreadTestCase.csproj", "{58EB842D-E731-4ED5-8AA8-2336B9208785}"
EndProject
Global
	GlobalSection(SolutionConfigurationPlatforms) = preSolution
		Debug|Any CPU = Debug|Any CPU
		Release|Any CPU = Release|Any CPU
	EndGlobalSection
	GlobalSection(ProjectConfigurationPlatforms) = postSolution
		{1C841F45-F360-4B37-9DB0-113FF6D34964}.Debug|Any CPU.ActiveCfg = Debug|Any CPU
		{1C841F45-F360-4B37-9DB0-113FF6D34964}.Debug|Any CPU.Build.0 = Debug|Any CPU
		{1C841F45-F360-4B37-9DB0-113FF6D34964}.Release|Any CPU.ActiveCfg = Release|Any CPU
		{1C841F45-F360-4B37-9DB0-113FF6D34964}.Release|Any CPU.Build.0 = Release|Any CPU
		{58EB842D-E731-4ED5-8AA8-2336B9208785}.Debug|Any CPU.ActiveCfg = Debug|Any CPU
		{58EB842D-E731-4ED5-8AA8-2336B9208785}.Debug|Any CPU.Build.0 = Debug|Any CPU
		{58EB842D-E731-4ED5-8AA8-2336B9208785}.Release|Any CPU.ActiveCfg = Release|Any CPU
		{58EB842D-E731-4ED5-8AA8-2336B9208785}.Release|Any CPU.Build.0 = Release|Any CPU
	EndGlobalSection
	GlobalSection(SolutionProperties) = preSolution
		HideSolutionNode = FALSE
	EndGlobalSection
	GlobalSection(ExtensibilityGlobals) = postSolution
		SolutionGuid = {A5910BDB-FF6A-4540-AA5E-21478CAE3B54}
	EndGlobalSection
EndGlobal
